<?xml version="1.0" encoding="utf-8"?>
<Project ToolsVersion="4.0" xmlns="http://schemas.microsoft.com/developer/msbuild/2003">
  <ItemGroup>
    <Filter Include="Source Files">
      <UniqueIdentifier>{4FC737F1-C7A5-4376-A066-2A32D752A2FF}</UniqueIdentifier>
      <Extensions>cpp;c;cc;cxx;def;odl;idl;hpj;bat;asm;asmx</Extensions>
    </Filter>
    <Filter Include="Header Files">
      <UniqueIdentifier>{93995380-89BD-4b04-88EB-625FBE52EBFB}</UniqueIdentifier>
      <Extensions>h;hh;hpp;hxx;hm;inl;inc;ipp;xsd</Extensions>
    </Filter>
    <Filter Include="Resource Files">
      <UniqueIdentifier>{67DA6AB6-F800-4c08-8B7A-83BB121AAD01}</UniqueIdentifier>
      <Extensions>rc;ico;cur;bmp;dlg;rc2;rct;bin;rgs;gif;jpg;jpeg;jpe;resx;tiff;tif;png;wav;mfcribbon-ms</Extensions>
    </Filter>
    <Filter Include="Header Files\Plugins">
      <UniqueIdentifier>{87912bfd-3194-483e-8ee1-96d82e7cca6d}</UniqueIdentifier>
    </Filter>
    <Filter Include="Source Files\Plugins">
      <UniqueIdentifier>{ee885d47-4d7d-495f-8025-f04adba2ed94}</UniqueIdentifier>
    </Filter>
    <Filter Include="Header Files\Core">
      <UniqueIdentifier>{935d0292-3648-40b2-b17a-f61542155186}</UniqueIdentifier>
    </Filter>
    <Filter Include="Source Files\Core">
      <UniqueIdentifier>{ca4cefb2-aaf8-4eda-8085-bd79c1fb8a1f}</UniqueIdentifier>
    </Filter>
  </ItemGroup>
  <ItemGroup>
    <ClCompile Include="main.c">
      <Filter>Source Files</Filter>
    </ClCompile>
    <ClCompile Include="core.c">
      <Filter>Source Files</Filter>
    </ClCompile>
    <ClCompile Include="echo.c">
      <Filter>Source Files\Plugins</Filter>
    </ClCompile>
    <ClCompile Include="longpoll.c">
      <Filter>Source Files\Core</Filter>
    </ClCompile>
    <ClCompile Include="requests.c">
      <Filter>Source Files\Core</Filter>
    </ClCompile>
    <ClCompile Include="plugin_selector.c">
      <Filter>Source Files\Core</Filter>
    </ClCompile>
    <ClCompile Include="spam.c">
      <Filter>Source Files\Plugins</Filter>
    </ClCompile>
  </ItemGroup>
  <ItemGroup>
    <ClInclude Include="core.h">
      <Filter>Header Files</Filter>
    </ClInclude>
    <ClInclude Include="private.h">
      <Filter>Header Files</Filter>
    </ClInclude>
    <ClInclude Include="plugins.h">
      <Filter>Header Files</Filter>
    </ClInclude>
    <ClInclude Include="echo.h">
      <Filter>Header Files\Plugins</Filter>
    </ClInclude>
    <ClInclude Include="longpoll.h">
      <Filter>Header Files\Core</Filter>
    </ClInclude>
    <ClInclude Include="requests.h">
      <Filter>Header Files\Core</Filter>
    </ClInclude>
    <ClInclude Include="defines.h">
      <Filter>Header Files\Core</Filter>
    </ClInclude>
    <ClInclude Include="plugin_selector.h">
      <Filter>Header Files\Core</Filter>
    </ClInclude>
    <ClInclude Include="spam.h">
      <Filter>Header Files\Plugins</Filter>
    </ClInclude>
  </ItemGroup>
</Project>